// !$*UTF8*$!
{
	archiveVersion = 1;
	classes = {
	};
	objectVersion = 46;
	objects = {

/* Begin PBXBuildFile section */
		1479335F1DA6B74900BE4FED /* EndScene.swift in Sources */ = {isa = PBXBuildFile; fileRef = 1479335E1DA6B74800BE4FED /* EndScene.swift */; };
		147933631DA6BBB000BE4FED /* gameover.png in Resources */ = {isa = PBXBuildFile; fileRef = 147933621DA6BBB000BE4FED /* gameover.png */; };
		14CBAAF91D8D654C00B3AE4B /* strawberry.png in Resources */ = {isa = PBXBuildFile; fileRef = 14CBAAF51D8D654C00B3AE4B /* strawberry.png */; };
		14CBAAFE1D8D694D00B3AE4B /* apple.png in Resources */ = {isa = PBXBuildFile; fileRef = 14CBAAFD1D8D694D00B3AE4B /* apple.png */; };
		14CBAB001D8D6A2100B3AE4B /* cherry.png in Resources */ = {isa = PBXBuildFile; fileRef = 14CBAAFF1D8D6A2100B3AE4B /* cherry.png */; };
		14CBAB061D8D705B00B3AE4B /* banana.png in Resources */ = {isa = PBXBuildFile; fileRef = 14CBAB051D8D705B00B3AE4B /* banana.png */; };
		14F599261D83CAC100780E84 /* AppDelegate.swift in Sources */ = {isa = PBXBuildFile; fileRef = 14F599251D83CAC100780E84 /* AppDelegate.swift */; };
		14F599281D83CAC100780E84 /* GameScene.sks in Resources */ = {isa = PBXBuildFile; fileRef = 14F599271D83CAC100780E84 /* GameScene.sks */; };
		14F5992A1D83CAC100780E84 /* GameScene.swift in Sources */ = {isa = PBXBuildFile; fileRef = 14F599291D83CAC100780E84 /* GameScene.swift */; };
		14F5992C1D83CAC100780E84 /* GameViewController.swift in Sources */ = {isa = PBXBuildFile; fileRef = 14F5992B1D83CAC100780E84 /* GameViewController.swift */; };
		14F5992F1D83CAC100780E84 /* Main.storyboard in Resources */ = {isa = PBXBuildFile; fileRef = 14F5992D1D83CAC100780E84 /* Main.storyboard */; };
		14F599311D83CAC100780E84 /* Assets.xcassets in Resources */ = {isa = PBXBuildFile; fileRef = 14F599301D83CAC100780E84 /* Assets.xcassets */; };
		14F599341D83CAC100780E84 /* LaunchScreen.storyboard in Resources */ = {isa = PBXBuildFile; fileRef = 14F599321D83CAC100780E84 /* LaunchScreen.storyboard */; };
		14F5993F1D83CAC100780E84 /* SlitherSnakeTeamTartTests.swift in Sources */ = {isa = PBXBuildFile; fileRef = 14F5993E1D83CAC100780E84 /* SlitherSnakeTeamTartTests.swift */; };
		14F5994A1D83CAC100780E84 /* SlitherSnakeTeamTartUITests.swift in Sources */ = {isa = PBXBuildFile; fileRef = 14F599491D83CAC100780E84 /* SlitherSnakeTeamTartUITests.swift */; };
		14F5995A1D83CEBC00780E84 /* shapesBG.jpeg in Resources */ = {isa = PBXBuildFile; fileRef = 14F599591D83CEBC00780E84 /* shapesBG.jpeg */; };
		14F5995C1D83D05000780E84 /* Snake.png in Resources */ = {isa = PBXBuildFile; fileRef = 14F5995B1D83D05000780E84 /* Snake.png */; };
		14F599601D83D50F00780E84 /* pinDrop.wav in Resources */ = {isa = PBXBuildFile; fileRef = 14F5995F1D83D50F00780E84 /* pinDrop.wav */; };
		14F599641D83E3DF00780E84 /* shapesBG.png in Resources */ = {isa = PBXBuildFile; fileRef = 14F599631D83E3DF00780E84 /* shapesBG.png */; };
		14F599661D83E65B00780E84 /* Snake.swift in Sources */ = {isa = PBXBuildFile; fileRef = 14F599651D83E65B00780E84 /* Snake.swift */; };
		C185D39C1DB1E2D500BBFCB8 /* loge.png in Resources */ = {isa = PBXBuildFile; fileRef = C185D39B1DB1E2D500BBFCB8 /* loge.png */; };
		C1B93AB81DADBDB6001511CD /* InviteViewController.swift in Sources */ = {isa = PBXBuildFile; fileRef = C1B93AB71DADBDB6001511CD /* InviteViewController.swift */; };
		C1D4CEDD1DACCEAA00096186 /* GoogleMobileAds.framework in Frameworks */ = {isa = PBXBuildFile; fileRef = C1D4CEDC1DACCEAA00096186 /* GoogleMobileAds.framework */; };
		C1D4CEDF1DACCF3D00096186 /* SystemConfiguration.framework in Frameworks */ = {isa = PBXBuildFile; fileRef = C1D4CEDE1DACCF3D00096186 /* SystemConfiguration.framework */; };
		C1D4CEE11DACCF4700096186 /* StoreKit.framework in Frameworks */ = {isa = PBXBuildFile; fileRef = C1D4CEE01DACCF4700096186 /* StoreKit.framework */; };
		C1D4CEE31DACCF5400096186 /* MessageUI.framework in Frameworks */ = {isa = PBXBuildFile; fileRef = C1D4CEE21DACCF5400096186 /* MessageUI.framework */; };
		C1D4CEE61DACCF5B00096186 /* EventKit.framework in Frameworks */ = {isa = PBXBuildFile; fileRef = C1D4CEE41DACCF5B00096186 /* EventKit.framework */; };
		C1D4CEE71DACCF5B00096186 /* EventKitUI.framework in Frameworks */ = {isa = PBXBuildFile; fileRef = C1D4CEE51DACCF5B00096186 /* EventKitUI.framework */; };
		C1D4CEE91DACCF6B00096186 /* CoreTelephony.framework in Frameworks */ = {isa = PBXBuildFile; fileRef = C1D4CEE81DACCF6B00096186 /* CoreTelephony.framework */; };
		C1D4CEEB1DACCF7400096186 /* CoreGraphics.framework in Frameworks */ = {isa = PBXBuildFile; fileRef = C1D4CEEA1DACCF7400096186 /* CoreGraphics.framework */; };
		C1D4CEED1DACCF7E00096186 /* AVFoundation.framework in Frameworks */ = {isa = PBXBuildFile; fileRef = C1D4CEEC1DACCF7E00096186 /* AVFoundation.framework */; };
		C1D4CEEF1DACCF8F00096186 /* AudioToolbox.framework in Frameworks */ = {isa = PBXBuildFile; fileRef = C1D4CEEE1DACCF8F00096186 /* AudioToolbox.framework */; };
		C1D4CEF11DACCF9800096186 /* AdSupport.framework in Frameworks */ = {isa = PBXBuildFile; fileRef = C1D4CEF01DACCF9800096186 /* AdSupport.framework */; };
		C1D4CEF71DACD54200096186 /* MainViewController.swift in Sources */ = {isa = PBXBuildFile; fileRef = C1D4CEF61DACD54200096186 /* MainViewController.swift */; };
		C1D4CEF91DACD6F900096186 /* ViewController.swift in Sources */ = {isa = PBXBuildFile; fileRef = C1D4CEF81DACD6F900096186 /* ViewController.swift */; };
		C1D4CEFB1DACF3BD00096186 /* MPCHandler.swift in Sources */ = {isa = PBXBuildFile; fileRef = C1D4CEFA1DACF3BD00096186 /* MPCHandler.swift */; };
		C1D4CEFF1DACFA3500096186 /* MultipleViewController.swift in Sources */ = {isa = PBXBuildFile; fileRef = C1D4CEFE1DACFA3500096186 /* MultipleViewController.swift */; };
/* End PBXBuildFile section */

/* Begin PBXContainerItemProxy section */
		14F5993B1D83CAC100780E84 /* PBXContainerItemProxy */ = {
			isa = PBXContainerItemProxy;
			containerPortal = 14F5991A1D83CAC100780E84 /* Project object */;
			proxyType = 1;
			remoteGlobalIDString = 14F599211D83CAC100780E84;
			remoteInfo = SlitherSnakeTeamTart;
		};
		14F599461D83CAC100780E84 /* PBXContainerItemProxy */ = {
			isa = PBXContainerItemProxy;
			containerPortal = 14F5991A1D83CAC100780E84 /* Project object */;
			proxyType = 1;
			remoteGlobalIDString = 14F599211D83CAC100780E84;
			remoteInfo = SlitherSnakeTeamTart;
		};
/* End PBXContainerItemProxy section */

/* Begin PBXFileReference section */
		1479335E1DA6B74800BE4FED /* EndScene.swift */ = {isa = PBXFileReference; fileEncoding = 4; lastKnownFileType = sourcecode.swift; path = EndScene.swift; sourceTree = "<group>"; };
		147933621DA6BBB000BE4FED /* gameover.png */ = {isa = PBXFileReference; lastKnownFileType = image.png; name = gameover.png; path = ../gameover.png; sourceTree = "<group>"; };
		14CBAAF51D8D654C00B3AE4B /* strawberry.png */ = {isa = PBXFileReference; lastKnownFileType = image.png; path = strawberry.png; sourceTree = "<group>"; };
		14CBAAFD1D8D694D00B3AE4B /* apple.png */ = {isa = PBXFileReference; lastKnownFileType = image.png; path = apple.png; sourceTree = "<group>"; };
		14CBAAFF1D8D6A2100B3AE4B /* cherry.png */ = {isa = PBXFileReference; lastKnownFileType = image.png; path = cherry.png; sourceTree = "<group>"; };
		14CBAB051D8D705B00B3AE4B /* banana.png */ = {isa = PBXFileReference; lastKnownFileType = image.png; path = banana.png; sourceTree = "<group>"; };
		14F599221D83CAC100780E84 /* SlitherSnakeTeamTart.app */ = {isa = PBXFileReference; explicitFileType = wrapper.application; includeInIndex = 0; path = SlitherSnakeTeamTart.app; sourceTree = BUILT_PRODUCTS_DIR; };
		14F599251D83CAC100780E84 /* AppDelegate.swift */ = {isa = PBXFileReference; lastKnownFileType = sourcecode.swift; path = AppDelegate.swift; sourceTree = "<group>"; };
		14F599271D83CAC100780E84 /* GameScene.sks */ = {isa = PBXFileReference; lastKnownFileType = file.sks; path = GameScene.sks; sourceTree = "<group>"; };
		14F599291D83CAC100780E84 /* GameScene.swift */ = {isa = PBXFileReference; lastKnownFileType = sourcecode.swift; path = GameScene.swift; sourceTree = "<group>"; };
		14F5992B1D83CAC100780E84 /* GameViewController.swift */ = {isa = PBXFileReference; lastKnownFileType = sourcecode.swift; path = GameViewController.swift; sourceTree = "<group>"; };
		14F5992E1D83CAC100780E84 /* Base */ = {isa = PBXFileReference; lastKnownFileType = file.storyboard; name = Base; path = Base.lproj/Main.storyboard; sourceTree = "<group>"; };
		14F599301D83CAC100780E84 /* Assets.xcassets */ = {isa = PBXFileReference; lastKnownFileType = folder.assetcatalog; path = Assets.xcassets; sourceTree = "<group>"; };
		14F599331D83CAC100780E84 /* Base */ = {isa = PBXFileReference; lastKnownFileType = file.storyboard; name = Base; path = Base.lproj/LaunchScreen.storyboard; sourceTree = "<group>"; };
		14F599351D83CAC100780E84 /* Info.plist */ = {isa = PBXFileReference; lastKnownFileType = text.plist.xml; path = Info.plist; sourceTree = "<group>"; };
		14F5993A1D83CAC100780E84 /* SlitherSnakeTeamTartTests.xctest */ = {isa = PBXFileReference; explicitFileType = wrapper.cfbundle; includeInIndex = 0; path = SlitherSnakeTeamTartTests.xctest; sourceTree = BUILT_PRODUCTS_DIR; };
		14F5993E1D83CAC100780E84 /* SlitherSnakeTeamTartTests.swift */ = {isa = PBXFileReference; lastKnownFileType = sourcecode.swift; path = SlitherSnakeTeamTartTests.swift; sourceTree = "<group>"; };
		14F599401D83CAC100780E84 /* Info.plist */ = {isa = PBXFileReference; lastKnownFileType = text.plist.xml; path = Info.plist; sourceTree = "<group>"; };
		14F599451D83CAC100780E84 /* SlitherSnakeTeamTartUITests.xctest */ = {isa = PBXFileReference; explicitFileType = wrapper.cfbundle; includeInIndex = 0; path = SlitherSnakeTeamTartUITests.xctest; sourceTree = BUILT_PRODUCTS_DIR; };
		14F599491D83CAC100780E84 /* SlitherSnakeTeamTartUITests.swift */ = {isa = PBXFileReference; lastKnownFileType = sourcecode.swift; path = SlitherSnakeTeamTartUITests.swift; sourceTree = "<group>"; };
		14F5994B1D83CAC100780E84 /* Info.plist */ = {isa = PBXFileReference; lastKnownFileType = text.plist.xml; path = Info.plist; sourceTree = "<group>"; };
		14F599591D83CEBC00780E84 /* shapesBG.jpeg */ = {isa = PBXFileReference; lastKnownFileType = image.jpeg; path = shapesBG.jpeg; sourceTree = "<group>"; };
		14F5995B1D83D05000780E84 /* Snake.png */ = {isa = PBXFileReference; lastKnownFileType = image.png; path = Snake.png; sourceTree = "<group>"; };
		14F5995F1D83D50F00780E84 /* pinDrop.wav */ = {isa = PBXFileReference; lastKnownFileType = audio.wav; path = pinDrop.wav; sourceTree = "<group>"; };
		14F599631D83E3DF00780E84 /* shapesBG.png */ = {isa = PBXFileReference; lastKnownFileType = image.png; path = shapesBG.png; sourceTree = "<group>"; };
		14F599651D83E65B00780E84 /* Snake.swift */ = {isa = PBXFileReference; fileEncoding = 4; lastKnownFileType = sourcecode.swift; path = Snake.swift; sourceTree = "<group>"; };
		C185D39B1DB1E2D500BBFCB8 /* loge.png */ = {isa = PBXFileReference; lastKnownFileType = image.png; path = loge.png; sourceTree = "<group>"; };
		C1B93AB71DADBDB6001511CD /* InviteViewController.swift */ = {isa = PBXFileReference; fileEncoding = 4; lastKnownFileType = sourcecode.swift; path = InviteViewController.swift; sourceTree = "<group>"; };
		C1D4CEDC1DACCEAA00096186 /* GoogleMobileAds.framework */ = {isa = PBXFileReference; lastKnownFileType = wrapper.framework; name = GoogleMobileAds.framework; path = "SDKs/GoogleMobileAdsSdkiOS-7.12.1/GoogleMobileAds.framework"; sourceTree = "<group>"; };
		C1D4CEDE1DACCF3D00096186 /* SystemConfiguration.framework */ = {isa = PBXFileReference; lastKnownFileType = wrapper.framework; name = SystemConfiguration.framework; path = System/Library/Frameworks/SystemConfiguration.framework; sourceTree = SDKROOT; };
		C1D4CEE01DACCF4700096186 /* StoreKit.framework */ = {isa = PBXFileReference; lastKnownFileType = wrapper.framework; name = StoreKit.framework; path = System/Library/Frameworks/StoreKit.framework; sourceTree = SDKROOT; };
		C1D4CEE21DACCF5400096186 /* MessageUI.framework */ = {isa = PBXFileReference; lastKnownFileType = wrapper.framework; name = MessageUI.framework; path = System/Library/Frameworks/MessageUI.framework; sourceTree = SDKROOT; };
		C1D4CEE41DACCF5B00096186 /* EventKit.framework */ = {isa = PBXFileReference; lastKnownFileType = wrapper.framework; name = EventKit.framework; path = System/Library/Frameworks/EventKit.framework; sourceTree = SDKROOT; };
		C1D4CEE51DACCF5B00096186 /* EventKitUI.framework */ = {isa = PBXFileReference; lastKnownFileType = wrapper.framework; name = EventKitUI.framework; path = System/Library/Frameworks/EventKitUI.framework; sourceTree = SDKROOT; };
		C1D4CEE81DACCF6B00096186 /* CoreTelephony.framework */ = {isa = PBXFileReference; lastKnownFileType = wrapper.framework; name = CoreTelephony.framework; path = System/Library/Frameworks/CoreTelephony.framework; sourceTree = SDKROOT; };
		C1D4CEEA1DACCF7400096186 /* CoreGraphics.framework */ = {isa = PBXFileReference; lastKnownFileType = wrapper.framework; name = CoreGraphics.framework; path = System/Library/Frameworks/CoreGraphics.framework; sourceTree = SDKROOT; };
		C1D4CEEC1DACCF7E00096186 /* AVFoundation.framework */ = {isa = PBXFileReference; lastKnownFileType = wrapper.framework; name = AVFoundation.framework; path = System/Library/Frameworks/AVFoundation.framework; sourceTree = SDKROOT; };
		C1D4CEEE1DACCF8F00096186 /* AudioToolbox.framework */ = {isa = PBXFileReference; lastKnownFileType = wrapper.framework; name = AudioToolbox.framework; path = System/Library/Frameworks/AudioToolbox.framework; sourceTree = SDKROOT; };
		C1D4CEF01DACCF9800096186 /* AdSupport.framework */ = {isa = PBXFileReference; lastKnownFileType = wrapper.framework; name = AdSupport.framework; path = System/Library/Frameworks/AdSupport.framework; sourceTree = SDKROOT; };
		C1D4CEF61DACD54200096186 /* MainViewController.swift */ = {isa = PBXFileReference; fileEncoding = 4; lastKnownFileType = sourcecode.swift; path = MainViewController.swift; sourceTree = "<group>"; };
		C1D4CEF81DACD6F900096186 /* ViewController.swift */ = {isa = PBXFileReference; fileEncoding = 4; lastKnownFileType = sourcecode.swift; path = ViewController.swift; sourceTree = "<group>"; };
		C1D4CEFA1DACF3BD00096186 /* MPCHandler.swift */ = {isa = PBXFileReference; fileEncoding = 4; lastKnownFileType = sourcecode.swift; path = MPCHandler.swift; sourceTree = "<group>"; };
		C1D4CEFE1DACFA3500096186 /* MultipleViewController.swift */ = {isa = PBXFileReference; fileEncoding = 4; lastKnownFileType = sourcecode.swift; path = MultipleViewController.swift; sourceTree = "<group>"; };
/* End PBXFileReference section */

/* Begin PBXFrameworksBuildPhase section */
		14F5991F1D83CAC100780E84 /* Frameworks */ = {
			isa = PBXFrameworksBuildPhase;
			buildActionMask = 2147483647;
			files = (
				C1D4CEF11DACCF9800096186 /* AdSupport.framework in Frameworks */,
				C1D4CEEF1DACCF8F00096186 /* AudioToolbox.framework in Frameworks */,
				C1D4CEED1DACCF7E00096186 /* AVFoundation.framework in Frameworks */,
				C1D4CEEB1DACCF7400096186 /* CoreGraphics.framework in Frameworks */,
				C1D4CEE91DACCF6B00096186 /* CoreTelephony.framework in Frameworks */,
				C1D4CEE61DACCF5B00096186 /* EventKit.framework in Frameworks */,
				C1D4CEE71DACCF5B00096186 /* EventKitUI.framework in Frameworks */,
				C1D4CEE31DACCF5400096186 /* MessageUI.framework in Frameworks */,
				C1D4CEE11DACCF4700096186 /* StoreKit.framework in Frameworks */,
				C1D4CEDF1DACCF3D00096186 /* SystemConfiguration.framework in Frameworks */,
				C1D4CEDD1DACCEAA00096186 /* GoogleMobileAds.framework in Frameworks */,
			);
			runOnlyForDeploymentPostprocessing = 0;
		};
		14F599371D83CAC100780E84 /* Frameworks */ = {
			isa = PBXFrameworksBuildPhase;
			buildActionMask = 2147483647;
			files = (
			);
			runOnlyForDeploymentPostprocessing = 0;
		};
		14F599421D83CAC100780E84 /* Frameworks */ = {
			isa = PBXFrameworksBuildPhase;
			buildActionMask = 2147483647;
			files = (
			);
			runOnlyForDeploymentPostprocessing = 0;
		};
/* End PBXFrameworksBuildPhase section */

/* Begin PBXGroup section */
		14F599191D83CAC100780E84 = {
			isa = PBXGroup;
			children = (
				14F599241D83CAC100780E84 /* SlitherSnakeTeamTart */,
				14F5993D1D83CAC100780E84 /* SlitherSnakeTeamTartTests */,
				14F599481D83CAC100780E84 /* SlitherSnakeTeamTartUITests */,
				14F599231D83CAC100780E84 /* Products */,
				C1D4CEDB1DACCEA900096186 /* Frameworks */,
			);
			sourceTree = "<group>";
		};
		14F599231D83CAC100780E84 /* Products */ = {
			isa = PBXGroup;
			children = (
				14F599221D83CAC100780E84 /* SlitherSnakeTeamTart.app */,
				14F5993A1D83CAC100780E84 /* SlitherSnakeTeamTartTests.xctest */,
				14F599451D83CAC100780E84 /* SlitherSnakeTeamTartUITests.xctest */,
			);
			name = Products;
			sourceTree = "<group>";
		};
		14F599241D83CAC100780E84 /* SlitherSnakeTeamTart */ = {
			isa = PBXGroup;
			children = (
				14F599251D83CAC100780E84 /* AppDelegate.swift */,
				14F599271D83CAC100780E84 /* GameScene.sks */,
				14F599291D83CAC100780E84 /* GameScene.swift */,
				14F5992B1D83CAC100780E84 /* GameViewController.swift */,
				14F599591D83CEBC00780E84 /* shapesBG.jpeg */,
				14CBAAF51D8D654C00B3AE4B /* strawberry.png */,
				14CBAB051D8D705B00B3AE4B /* banana.png */,
				14CBAAFD1D8D694D00B3AE4B /* apple.png */,
				14CBAAFF1D8D6A2100B3AE4B /* cherry.png */,
				147933621DA6BBB000BE4FED /* gameover.png */,
				14F5995B1D83D05000780E84 /* Snake.png */,
				14F5995F1D83D50F00780E84 /* pinDrop.wav */,
				14F599631D83E3DF00780E84 /* shapesBG.png */,
				14F5992D1D83CAC100780E84 /* Main.storyboard */,
				C185D39B1DB1E2D500BBFCB8 /* loge.png */,
				C1B93AB71DADBDB6001511CD /* InviteViewController.swift */,
				C1D4CEFE1DACFA3500096186 /* MultipleViewController.swift */,
				C1D4CEFA1DACF3BD00096186 /* MPCHandler.swift */,
				C1D4CEF81DACD6F900096186 /* ViewController.swift */,
				C1D4CEF61DACD54200096186 /* MainViewController.swift */,
				14F599301D83CAC100780E84 /* Assets.xcassets */,
				14F599321D83CAC100780E84 /* LaunchScreen.storyboard */,
				14F599351D83CAC100780E84 /* Info.plist */,
				14F599651D83E65B00780E84 /* Snake.swift */,
				1479335E1DA6B74800BE4FED /* EndScene.swift */,
			);
			path = SlitherSnakeTeamTart;
			sourceTree = "<group>";
		};
		14F5993D1D83CAC100780E84 /* SlitherSnakeTeamTartTests */ = {
			isa = PBXGroup;
			children = (
				14F5993E1D83CAC100780E84 /* SlitherSnakeTeamTartTests.swift */,
				14F599401D83CAC100780E84 /* Info.plist */,
			);
			path = SlitherSnakeTeamTartTests;
			sourceTree = "<group>";
		};
		14F599481D83CAC100780E84 /* SlitherSnakeTeamTartUITests */ = {
			isa = PBXGroup;
			children = (
				14F599491D83CAC100780E84 /* SlitherSnakeTeamTartUITests.swift */,
				14F5994B1D83CAC100780E84 /* Info.plist */,
			);
			path = SlitherSnakeTeamTartUITests;
			sourceTree = "<group>";
		};
		C1D4CEDB1DACCEA900096186 /* Frameworks */ = {
			isa = PBXGroup;
			children = (
				C1D4CEF01DACCF9800096186 /* AdSupport.framework */,
				C1D4CEEE1DACCF8F00096186 /* AudioToolbox.framework */,
				C1D4CEEC1DACCF7E00096186 /* AVFoundation.framework */,
				C1D4CEEA1DACCF7400096186 /* CoreGraphics.framework */,
				C1D4CEE81DACCF6B00096186 /* CoreTelephony.framework */,
				C1D4CEE41DACCF5B00096186 /* EventKit.framework */,
				C1D4CEE51DACCF5B00096186 /* EventKitUI.framework */,
				C1D4CEE21DACCF5400096186 /* MessageUI.framework */,
				C1D4CEE01DACCF4700096186 /* StoreKit.framework */,
				C1D4CEDE1DACCF3D00096186 /* SystemConfiguration.framework */,
				C1D4CEDC1DACCEAA00096186 /* GoogleMobileAds.framework */,
			);
			name = Frameworks;
			sourceTree = "<group>";
		};
/* End PBXGroup section */

/* Begin PBXNativeTarget section */
		14F599211D83CAC100780E84 /* SlitherSnakeTeamTart */ = {
			isa = PBXNativeTarget;
			buildConfigurationList = 14F5994E1D83CAC100780E84 /* Build configuration list for PBXNativeTarget "SlitherSnakeTeamTart" */;
			buildPhases = (
				14F5991E1D83CAC100780E84 /* Sources */,
				14F5991F1D83CAC100780E84 /* Frameworks */,
				14F599201D83CAC100780E84 /* Resources */,
			);
			buildRules = (
			);
			dependencies = (
			);
			name = SlitherSnakeTeamTart;
			productName = SlitherSnakeTeamTart;
			productReference = 14F599221D83CAC100780E84 /* SlitherSnakeTeamTart.app */;
			productType = "com.apple.product-type.application";
		};
		14F599391D83CAC100780E84 /* SlitherSnakeTeamTartTests */ = {
			isa = PBXNativeTarget;
			buildConfigurationList = 14F599511D83CAC100780E84 /* Build configuration list for PBXNativeTarget "SlitherSnakeTeamTartTests" */;
			buildPhases = (
				14F599361D83CAC100780E84 /* Sources */,
				14F599371D83CAC100780E84 /* Frameworks */,
				14F599381D83CAC100780E84 /* Resources */,
			);
			buildRules = (
			);
			dependencies = (
				14F5993C1D83CAC100780E84 /* PBXTargetDependency */,
			);
			name = SlitherSnakeTeamTartTests;
			productName = SlitherSnakeTeamTartTests;
			productReference = 14F5993A1D83CAC100780E84 /* SlitherSnakeTeamTartTests.xctest */;
			productType = "com.apple.product-type.bundle.unit-test";
		};
		14F599441D83CAC100780E84 /* SlitherSnakeTeamTartUITests */ = {
			isa = PBXNativeTarget;
			buildConfigurationList = 14F599541D83CAC100780E84 /* Build configuration list for PBXNativeTarget "SlitherSnakeTeamTartUITests" */;
			buildPhases = (
				14F599411D83CAC100780E84 /* Sources */,
				14F599421D83CAC100780E84 /* Frameworks */,
				14F599431D83CAC100780E84 /* Resources */,
			);
			buildRules = (
			);
			dependencies = (
				14F599471D83CAC100780E84 /* PBXTargetDependency */,
			);
			name = SlitherSnakeTeamTartUITests;
			productName = SlitherSnakeTeamTartUITests;
			productReference = 14F599451D83CAC100780E84 /* SlitherSnakeTeamTartUITests.xctest */;
			productType = "com.apple.product-type.bundle.ui-testing";
		};
/* End PBXNativeTarget section */

/* Begin PBXProject section */
		14F5991A1D83CAC100780E84 /* Project object */ = {
			isa = PBXProject;
			attributes = {
				KnownAssetTags = (
					"New Game",
				);
				LastSwiftUpdateCheck = 0730;
				LastUpgradeCheck = 0730;
				ORGANIZATIONNAME = Tart;
				TargetAttributes = {
					14F599211D83CAC100780E84 = {
						CreatedOnToolsVersion = 7.3.1;
						DevelopmentTeam = 4MV5DUA867;
						LastSwiftMigration = 0800;
					};
					14F599391D83CAC100780E84 = {
						CreatedOnToolsVersion = 7.3.1;
						LastSwiftMigration = 0800;
						TestTargetID = 14F599211D83CAC100780E84;
					};
					14F599441D83CAC100780E84 = {
						CreatedOnToolsVersion = 7.3.1;
						LastSwiftMigration = 0800;
						TestTargetID = 14F599211D83CAC100780E84;
					};
				};
			};
			buildConfigurationList = 14F5991D1D83CAC100780E84 /* Build configuration list for PBXProject "SlitherSnakeTeamTart" */;
			compatibilityVersion = "Xcode 3.2";
			developmentRegion = English;
			hasScannedForEncodings = 0;
			knownRegions = (
				en,
				Base,
			);
			mainGroup = 14F599191D83CAC100780E84;
			productRefGroup = 14F599231D83CAC100780E84 /* Products */;
			projectDirPath = "";
			projectRoot = "";
			targets = (
				14F599211D83CAC100780E84 /* SlitherSnakeTeamTart */,
				14F599391D83CAC100780E84 /* SlitherSnakeTeamTartTests */,
				14F599441D83CAC100780E84 /* SlitherSnakeTeamTartUITests */,
			);
		};
/* End PBXProject section */

/* Begin PBXResourcesBuildPhase section */
		14F599201D83CAC100780E84 /* Resources */ = {
			isa = PBXResourcesBuildPhase;
			buildActionMask = 2147483647;
			files = (
				14F5995A1D83CEBC00780E84 /* shapesBG.jpeg in Resources */,
				14F599281D83CAC100780E84 /* GameScene.sks in Resources */,
				14F599641D83E3DF00780E84 /* shapesBG.png in Resources */,
				14F5995C1D83D05000780E84 /* Snake.png in Resources */,
				14F599601D83D50F00780E84 /* pinDrop.wav in Resources */,
				14CBAB001D8D6A2100B3AE4B /* cherry.png in Resources */,
				C185D39C1DB1E2D500BBFCB8 /* loge.png in Resources */,
				14CBAAF91D8D654C00B3AE4B /* strawberry.png in Resources */,
				14CBAB061D8D705B00B3AE4B /* banana.png in Resources */,
				147933631DA6BBB000BE4FED /* gameover.png in Resources */,
				14F599341D83CAC100780E84 /* LaunchScreen.storyboard in Resources */,
				14F599311D83CAC100780E84 /* Assets.xcassets in Resources */,
				14CBAAFE1D8D694D00B3AE4B /* apple.png in Resources */,
				14F5992F1D83CAC100780E84 /* Main.storyboard in Resources */,
			);
			runOnlyForDeploymentPostprocessing = 0;
		};
		14F599381D83CAC100780E84 /* Resources */ = {
			isa = PBXResourcesBuildPhase;
			buildActionMask = 2147483647;
			files = (
			);
			runOnlyForDeploymentPostprocessing = 0;
		};
		14F599431D83CAC100780E84 /* Resources */ = {
			isa = PBXResourcesBuildPhase;
			buildActionMask = 2147483647;
			files = (
			);
			runOnlyForDeploymentPostprocessing = 0;
		};
/* End PBXResourcesBuildPhase section */

/* Begin PBXSourcesBuildPhase section */
		14F5991E1D83CAC100780E84 /* Sources */ = {
			isa = PBXSourcesBuildPhase;
			buildActionMask = 2147483647;
			files = (
				14F599661D83E65B00780E84 /* Snake.swift in Sources */,
				C1D4CEFB1DACF3BD00096186 /* MPCHandler.swift in Sources */,
				14F5992A1D83CAC100780E84 /* GameScene.swift in Sources */,
				C1D4CEFF1DACFA3500096186 /* MultipleViewController.swift in Sources */,
				14F5992C1D83CAC100780E84 /* GameViewController.swift in Sources */,
				C1D4CEF71DACD54200096186 /* MainViewController.swift in Sources */,
				C1D4CEF91DACD6F900096186 /* ViewController.swift in Sources */,
				14F599261D83CAC100780E84 /* AppDelegate.swift in Sources */,
				1479335F1DA6B74900BE4FED /* EndScene.swift in Sources */,
				C1B93AB81DADBDB6001511CD /* InviteViewController.swift in Sources */,
			);
			runOnlyForDeploymentPostprocessing = 0;
		};
		14F599361D83CAC100780E84 /* Sources */ = {
			isa = PBXSourcesBuildPhase;
			buildActionMask = 2147483647;
			files = (
				14F5993F1D83CAC100780E84 /* SlitherSnakeTeamTartTests.swift in Sources */,
			);
			runOnlyForDeploymentPostprocessing = 0;
		};
		14F599411D83CAC100780E84 /* Sources */ = {
			isa = PBXSourcesBuildPhase;
			buildActionMask = 2147483647;
			files = (
				14F5994A1D83CAC100780E84 /* SlitherSnakeTeamTartUITests.swift in Sources */,
			);
			runOnlyForDeploymentPostprocessing = 0;
		};
/* End PBXSourcesBuildPhase section */

/* Begin PBXTargetDependency section */
		14F5993C1D83CAC100780E84 /* PBXTargetDependency */ = {
			isa = PBXTargetDependency;
			target = 14F599211D83CAC100780E84 /* SlitherSnakeTeamTart */;
			targetProxy = 14F5993B1D83CAC100780E84 /* PBXContainerItemProxy */;
		};
		14F599471D83CAC100780E84 /* PBXTargetDependency */ = {
			isa = PBXTargetDependency;
			target = 14F599211D83CAC100780E84 /* SlitherSnakeTeamTart */;
			targetProxy = 14F599461D83CAC100780E84 /* PBXContainerItemProxy */;
		};
/* End PBXTargetDependency section */

/* Begin PBXVariantGroup section */
		14F5992D1D83CAC100780E84 /* Main.storyboard */ = {
			isa = PBXVariantGroup;
			children = (
				14F5992E1D83CAC100780E84 /* Base */,
			);
			name = Main.storyboard;
			sourceTree = "<group>";
		};
		14F599321D83CAC100780E84 /* LaunchScreen.storyboard */ = {
			isa = PBXVariantGroup;
			children = (
				14F599331D83CAC100780E84 /* Base */,
			);
			name = LaunchScreen.storyboard;
			sourceTree = "<group>";
		};
/* End PBXVariantGroup section */

/* Begin XCBuildConfiguration section */
		14F5994C1D83CAC100780E84 /* Debug */ = {
			isa = XCBuildConfiguration;
			buildSettings = {
				ALWAYS_SEARCH_USER_PATHS = NO;
				CLANG_ANALYZER_NONNULL = YES;
				CLANG_CXX_LANGUAGE_STANDARD = "gnu++0x";
				CLANG_CXX_LIBRARY = "libc++";
				CLANG_ENABLE_MODULES = YES;
				CLANG_ENABLE_OBJC_ARC = YES;
				CLANG_WARN_BOOL_CONVERSION = YES;
				CLANG_WARN_CONSTANT_CONVERSION = YES;
				CLANG_WARN_DIRECT_OBJC_ISA_USAGE = YES_ERROR;
				CLANG_WARN_EMPTY_BODY = YES;
				CLANG_WARN_ENUM_CONVERSION = YES;
				CLANG_WARN_INT_CONVERSION = YES;
				CLANG_WARN_OBJC_ROOT_CLASS = YES_ERROR;
				CLANG_WARN_UNREACHABLE_CODE = YES;
				CLANG_WARN__DUPLICATE_METHOD_MATCH = YES;
				"CODE_SIGN_IDENTITY[sdk=iphoneos*]" = "iPhone Developer";
				COPY_PHASE_STRIP = NO;
				DEBUG_INFORMATION_FORMAT = "dwarf-with-dsym";
				ENABLE_STRICT_OBJC_MSGSEND = YES;
				ENABLE_TESTABILITY = YES;
				GCC_C_LANGUAGE_STANDARD = gnu99;
				GCC_DYNAMIC_NO_PIC = NO;
				GCC_NO_COMMON_BLOCKS = YES;
				GCC_OPTIMIZATION_LEVEL = 0;
				GCC_PREPROCESSOR_DEFINITIONS = (
					"DEBUG=1",
					"$(inherited)",
				);
				GCC_WARN_64_TO_32_BIT_CONVERSION = YES;
				GCC_WARN_ABOUT_RETURN_TYPE = YES_ERROR;
				GCC_WARN_UNDECLARED_SELECTOR = YES;
				GCC_WARN_UNINITIALIZED_AUTOS = YES_AGGRESSIVE;
				GCC_WARN_UNUSED_FUNCTION = YES;
				GCC_WARN_UNUSED_VARIABLE = YES;
				IPHONEOS_DEPLOYMENT_TARGET = 9.3;
				MTL_ENABLE_DEBUG_INFO = YES;
				ONLY_ACTIVE_ARCH = YES;
				SDKROOT = iphoneos;
				SWIFT_OPTIMIZATION_LEVEL = "-Onone";
				TARGETED_DEVICE_FAMILY = "1,2";
			};
			name = Debug;
		};
		14F5994D1D83CAC100780E84 /* Release */ = {
			isa = XCBuildConfiguration;
			buildSettings = {
				ALWAYS_SEARCH_USER_PATHS = NO;
				CLANG_ANALYZER_NONNULL = YES;
				CLANG_CXX_LANGUAGE_STANDARD = "gnu++0x";
				CLANG_CXX_LIBRARY = "libc++";
				CLANG_ENABLE_MODULES = YES;
				CLANG_ENABLE_OBJC_ARC = YES;
				CLANG_WARN_BOOL_CONVERSION = YES;
				CLANG_WARN_CONSTANT_CONVERSION = YES;
				CLANG_WARN_DIRECT_OBJC_ISA_USAGE = YES_ERROR;
				CLANG_WARN_EMPTY_BODY = YES;
				CLANG_WARN_ENUM_CONVERSION = YES;
				CLANG_WARN_INT_CONVERSION = YES;
				CLANG_WARN_OBJC_ROOT_CLASS = YES_ERROR;
				CLANG_WARN_UNREACHABLE_CODE = YES;
				CLANG_WARN__DUPLICATE_METHOD_MATCH = YES;
				"CODE_SIGN_IDENTITY[sdk=iphoneos*]" = "iPhone Developer";
				COPY_PHASE_STRIP = NO;
				DEBUG_INFORMATION_FORMAT = "dwarf-with-dsym";
				ENABLE_NS_ASSERTIONS = NO;
				ENABLE_STRICT_OBJC_MSGSEND = YES;
				GCC_C_LANGUAGE_STANDARD = gnu99;
				GCC_NO_COMMON_BLOCKS = YES;
				GCC_WARN_64_TO_32_BIT_CONVERSION = YES;
				GCC_WARN_ABOUT_RETURN_TYPE = YES_ERROR;
				GCC_WARN_UNDECLARED_SELECTOR = YES;
				GCC_WARN_UNINITIALIZED_AUTOS = YES_AGGRESSIVE;
				GCC_WARN_UNUSED_FUNCTION = YES;
				GCC_WARN_UNUSED_VARIABLE = YES;
				IPHONEOS_DEPLOYMENT_TARGET = 9.3;
				MTL_ENABLE_DEBUG_INFO = NO;
				SDKROOT = iphoneos;
				TARGETED_DEVICE_FAMILY = "1,2";
				VALIDATE_PRODUCT = YES;
			};
			name = Release;
		};
		14F5994F1D83CAC100780E84 /* Debug */ = {
			isa = XCBuildConfiguration;
			buildSettings = {
				ASSETCATALOG_COMPILER_APPICON_NAME = AppIcon;
				CODE_SIGN_IDENTITY = "iPhone Developer";
				"CODE_SIGN_IDENTITY[sdk=iphoneos*]" = "iPhone Developer";
				DEVELOPMENT_TEAM = 4MV5DUA867;
				FRAMEWORK_SEARCH_PATHS = (
					"$(inherited)",
					"$(PROJECT_DIR)/SDKs/GoogleMobileAdsSdkiOS-7.12.1",
				);
				INFOPLIST_FILE = SlitherSnakeTeamTart/Info.plist;
				IPHONEOS_DEPLOYMENT_TARGET = 8.2;
				LD_RUNPATH_SEARCH_PATHS = "$(inherited) @executable_path/Frameworks";
				PRODUCT_BUNDLE_IDENTIFIER = TeamTart;
				PRODUCT_NAME = "$(TARGET_NAME)";
				PROVISIONING_PROFILE = "";
				SWIFT_VERSION = 2.3;
			};
			name = Debug;
		};
		14F599501D83CAC100780E84 /* Release */ = {
			isa = XCBuildConfiguration;
			buildSettings = {
				ASSETCATALOG_COMPILER_APPICON_NAME = AppIcon;
				CODE_SIGN_IDENTITY = "iPhone Developer";
				"CODE_SIGN_IDENTITY[sdk=iphoneos*]" = "iPhone Developer";
				DEVELOPMENT_TEAM = 4MV5DUA867;
				FRAMEWORK_SEARCH_PATHS = (
					"$(inherited)",
					"$(PROJECT_DIR)/SDKs/GoogleMobileAdsSdkiOS-7.12.1",
				);
				INFOPLIST_FILE = SlitherSnakeTeamTart/Info.plist;
				IPHONEOS_DEPLOYMENT_TARGET = 8.2;
				LD_RUNPATH_SEARCH_PATHS = "$(inherited) @executable_path/Frameworks";
				PRODUCT_BUNDLE_IDENTIFIER = TeamTart;
				PRODUCT_NAME = "$(TARGET_NAME)";
				PROVISIONING_PROFILE = "";
				SWIFT_VERSION = 2.3;
			};
			name = Release;
		};
		14F599521D83CAC100780E84 /* Debug */ = {
			isa = XCBuildConfiguration;
			buildSettings = {
				BUNDLE_LOADER = "$(TEST_HOST)";
				DEBUG_INFORMATION_FORMAT = dwarf;
				INFOPLIST_FILE = SlitherSnakeTeamTartTests/Info.plist;
				LD_RUNPATH_SEARCH_PATHS = "$(inherited) @executable_path/Frameworks @loader_path/Frameworks";
				PRODUCT_BUNDLE_IDENTIFIER = com.MelbUni.794111.SlitherSnakeTeamTartTests;
				PRODUCT_NAME = "$(TARGET_NAME)";
				SWIFT_VERSION = 2.3;
				TEST_HOST = "$(BUILT_PRODUCTS_DIR)/SlitherSnakeTeamTart.app/SlitherSnakeTeamTart";
			};
			name = Debug;
		};
		14F599531D83CAC100780E84 /* Release */ = {
			isa = XCBuildConfiguration;
			buildSettings = {
				BUNDLE_LOADER = "$(TEST_HOST)";
				INFOPLIST_FILE = SlitherSnakeTeamTartTests/Info.plist;
				LD_RUNPATH_SEARCH_PATHS = "$(inherited) @executable_path/Frameworks @loader_path/Frameworks";
				PRODUCT_BUNDLE_IDENTIFIER = com.MelbUni.794111.SlitherSnakeTeamTartTests;
				PRODUCT_NAME = "$(TARGET_NAME)";
				SWIFT_VERSION = 2.3;
				TEST_HOST = "$(BUILT_PRODUCTS_DIR)/SlitherSnakeTeamTart.app/SlitherSnakeTeamTart";
			};
			name = Release;
		};
		14F599551D83CAC100780E84 /* Debug */ = {
			isa = XCBuildConfiguration;
			buildSettings = {
				DEBUG_INFORMATION_FORMAT = dwarf;
				INFOPLIST_FILE = SlitherSnakeTeamTartUITests/Info.plist;
				LD_RUNPATH_SEARCH_PATHS = "$(inherited) @executable_path/Frameworks @loader_path/Frameworks";
				PRODUCT_BUNDLE_IDENTIFIER = com.MelbUni.794111.SlitherSnakeTeamTartUITests;
				PRODUCT_NAME = "$(TARGET_NAME)";
				SWIFT_VERSION = 2.3;
				TEST_TARGET_NAME = SlitherSnakeTeamTart;
			};
			name = Debug;
		};
		14F599561D83CAC100780E84 /* Release */ = {
			isa = XCBuildConfiguration;
			buildSettings = {
				INFOPLIST_FILE = SlitherSnakeTeamTartUITests/Info.plist;
				LD_RUNPATH_SEARCH_PATHS = "$(inherited) @executable_path/Frameworks @loader_path/Frameworks";
				PRODUCT_BUNDLE_IDENTIFIER = com.MelbUni.794111.SlitherSnakeTeamTartUITests;
				PRODUCT_NAME = "$(TARGET_NAME)";
				SWIFT_VERSION = 2.3;
				TEST_TARGET_NAME = SlitherSnakeTeamTart;
			};
			name = Release;
		};
/* End XCBuildConfiguration section */

/* Begin XCConfigurationList section */
		14F5991D1D83CAC100780E84 /* Build configuration list for PBXProject "SlitherSnakeTeamTart" */ = {
			isa = XCConfigurationList;
			buildConfigurations = (
				14F5994C1D83CAC100780E84 /* Debug */,
				14F5994D1D83CAC100780E84 /* Release */,
			);
			defaultConfigurationIsVisible = 0;
			defaultConfigurationName = Release;
		};
		14F5994E1D83CAC100780E84 /* Build configuration list for PBXNativeTarget "SlitherSnakeTeamTart" */ = {
			isa = XCConfigurationList;
			buildConfigurations = (
				14F5994F1D83CAC100780E84 /* Debug */,
				14F599501D83CAC100780E84 /* Release */,
			);
			defaultConfigurationIsVisible = 0;
			defaultConfigurationName = Release;
		};
		14F599511D83CAC100780E84 /* Build configuration list for PBXNativeTarget "SlitherSnakeTeamTartTests" */ = {
			isa = XCConfigurationList;
			buildConfigurations = (
				14F599521D83CAC100780E84 /* Debug */,
				14F599531D83CAC100780E84 /* Release */,
			);
			defaultConfigurationIsVisible = 0;
			defaultConfigurationName = Release;
		};
		14F599541D83CAC100780E84 /* Build configuration list for PBXNativeTarget "SlitherSnakeTeamTartUITests" */ = {
			isa = XCConfigurationList;
			buildConfigurations = (
				14F599551D83CAC100780E84 /* Debug */,
				14F599561D83CAC100780E84 /* Release */,
			);
			defaultConfigurationIsVisible = 0;
			defaultConfigurationName = Release;
		};
/* End XCConfigurationList section */
	};
	rootObject = 14F5991A1D83CAC100780E84 /* Project object */;
}
